
Microsoft Visual Studio Solution File, Format Version 12.00
# Visual Studio Version 17
VisualStudioVersion = 17.8.34408.163
MinimumVisualStudioVersion = 10.0.40219.1
Project("{FAE04EC0-301F-11D3-BF4B-00C04F79EFBC}") = "Aula.NET_02", "Aula.NET_02\Aula.NET_02.csproj", "{65B57DF1-A399-4A74-B640-0CD1209EAD7D}"
EndProject
Global
	GlobalSection(SolutionConfigurationPlatforms) = preSolution
		Debug|Any CPU = Debug|Any CPU
		Release|Any CPU = Release|Any CPU
	EndGlobalSection
	GlobalSection(ProjectConfigurationPlatforms) = postSolution
		{65B57DF1-A399-4A74-B640-0CD1209EAD7D}.Debug|Any CPU.ActiveCfg = Debug|Any CPU
		{65B57DF1-A399-4A74-B640-0CD1209EAD7D}.Debug|Any CPU.Build.0 = Debug|Any CPU
		{65B57DF1-A399-4A74-B640-0CD1209EAD7D}.Release|Any CPU.ActiveCfg = Release|Any CPU
		{65B57DF1-A399-4A74-B640-0CD1209EAD7D}.Release|Any CPU.Build.0 = Release|Any CPU
	EndGlobalSection
	GlobalSection(SolutionProperties) = preSolution
		HideSolutionNode = FALSE
	EndGlobalSection
	GlobalSection(ExtensibilityGlobals) = postSolution
		SolutionGuid = {19B1933E-07F2-49C8-9F26-05AE6B953198}
	EndGlobalSection
EndGlobal
